// !$*UTF8*$!
{
	archiveVersion = 1;
	classes = {
	};
	objectVersion = 50;
	objects = {

/* Begin PBXBuildFile section */
		75134D1921BD4DD3007E4550 /* ExperienceTableViewCell.swift in Sources */ = {isa = PBXBuildFile; fileRef = 75134D1821BD4DD3007E4550 /* ExperienceTableViewCell.swift */; };
		75134D1B21BD6ACC007E4550 /* MainViewController.swift in Sources */ = {isa = PBXBuildFile; fileRef = 75134D1A21BD6ACC007E4550 /* MainViewController.swift */; };
		75134D1D21BD868B007E4550 /* ExperienceDetailViewController.swift in Sources */ = {isa = PBXBuildFile; fileRef = 75134D1C21BD868B007E4550 /* ExperienceDetailViewController.swift */; };
		75134D2521BDB279007E4550 /* SkillsViewController.swift in Sources */ = {isa = PBXBuildFile; fileRef = 75134D2421BDB279007E4550 /* SkillsViewController.swift */; };
		7583E2272199CB21006AA4EA /* AppDelegate.swift in Sources */ = {isa = PBXBuildFile; fileRef = 7583E2262199CB21006AA4EA /* AppDelegate.swift */; };
		7583E2292199CB21006AA4EA /* ViewController.swift in Sources */ = {isa = PBXBuildFile; fileRef = 7583E2282199CB21006AA4EA /* ViewController.swift */; };
		7583E22C2199CB21006AA4EA /* Main.storyboard in Resources */ = {isa = PBXBuildFile; fileRef = 7583E22A2199CB21006AA4EA /* Main.storyboard */; };
		7583E22E2199CB22006AA4EA /* Assets.xcassets in Resources */ = {isa = PBXBuildFile; fileRef = 7583E22D2199CB22006AA4EA /* Assets.xcassets */; };
		7583E2312199CB22006AA4EA /* LaunchScreen.storyboard in Resources */ = {isa = PBXBuildFile; fileRef = 7583E22F2199CB22006AA4EA /* LaunchScreen.storyboard */; };
		7583E23C2199CB22006AA4EA /* CV_Lab2Tests.swift in Sources */ = {isa = PBXBuildFile; fileRef = 7583E23B2199CB22006AA4EA /* CV_Lab2Tests.swift */; };
		7583E2472199CB22006AA4EA /* CV_Lab2UITests.swift in Sources */ = {isa = PBXBuildFile; fileRef = 7583E2462199CB22006AA4EA /* CV_Lab2UITests.swift */; };
		75C43CE521A5B27F0089E41F /* ExperienceTableViewController.swift in Sources */ = {isa = PBXBuildFile; fileRef = 75C43CE421A5B27F0089E41F /* ExperienceTableViewController.swift */; };
/* End PBXBuildFile section */

/* Begin PBXContainerItemProxy section */
		7583E2382199CB22006AA4EA /* PBXContainerItemProxy */ = {
			isa = PBXContainerItemProxy;
			containerPortal = 7583E21B2199CB21006AA4EA /* Project object */;
			proxyType = 1;
			remoteGlobalIDString = 7583E2222199CB21006AA4EA;
			remoteInfo = "CV-Lab2";
		};
		7583E2432199CB22006AA4EA /* PBXContainerItemProxy */ = {
			isa = PBXContainerItemProxy;
			containerPortal = 7583E21B2199CB21006AA4EA /* Project object */;
			proxyType = 1;
			remoteGlobalIDString = 7583E2222199CB21006AA4EA;
			remoteInfo = "CV-Lab2";
		};
/* End PBXContainerItemProxy section */

/* Begin PBXFileReference section */
		75134D1821BD4DD3007E4550 /* ExperienceTableViewCell.swift */ = {isa = PBXFileReference; lastKnownFileType = sourcecode.swift; path = ExperienceTableViewCell.swift; sourceTree = "<group>"; };
		75134D1A21BD6ACC007E4550 /* MainViewController.swift */ = {isa = PBXFileReference; lastKnownFileType = sourcecode.swift; path = MainViewController.swift; sourceTree = "<group>"; };
		75134D1C21BD868B007E4550 /* ExperienceDetailViewController.swift */ = {isa = PBXFileReference; lastKnownFileType = sourcecode.swift; path = ExperienceDetailViewController.swift; sourceTree = "<group>"; };
		75134D2421BDB279007E4550 /* SkillsViewController.swift */ = {isa = PBXFileReference; lastKnownFileType = sourcecode.swift; path = SkillsViewController.swift; sourceTree = "<group>"; };
		7583E2232199CB21006AA4EA /* CV-Lab2.app */ = {isa = PBXFileReference; explicitFileType = wrapper.application; includeInIndex = 0; path = "CV-Lab2.app"; sourceTree = BUILT_PRODUCTS_DIR; };
		7583E2262199CB21006AA4EA /* AppDelegate.swift */ = {isa = PBXFileReference; lastKnownFileType = sourcecode.swift; path = AppDelegate.swift; sourceTree = "<group>"; };
		7583E2282199CB21006AA4EA /* ViewController.swift */ = {isa = PBXFileReference; lastKnownFileType = sourcecode.swift; path = ViewController.swift; sourceTree = "<group>"; };
		7583E22B2199CB21006AA4EA /* Base */ = {isa = PBXFileReference; lastKnownFileType = file.storyboard; name = Base; path = Base.lproj/Main.storyboard; sourceTree = "<group>"; };
		7583E22D2199CB22006AA4EA /* Assets.xcassets */ = {isa = PBXFileReference; lastKnownFileType = folder.assetcatalog; path = Assets.xcassets; sourceTree = "<group>"; };
		7583E2302199CB22006AA4EA /* Base */ = {isa = PBXFileReference; lastKnownFileType = file.storyboard; name = Base; path = Base.lproj/LaunchScreen.storyboard; sourceTree = "<group>"; };
		7583E2322199CB22006AA4EA /* Info.plist */ = {isa = PBXFileReference; lastKnownFileType = text.plist.xml; path = Info.plist; sourceTree = "<group>"; };
		7583E2372199CB22006AA4EA /* CV-Lab2Tests.xctest */ = {isa = PBXFileReference; explicitFileType = wrapper.cfbundle; includeInIndex = 0; path = "CV-Lab2Tests.xctest"; sourceTree = BUILT_PRODUCTS_DIR; };
		7583E23B2199CB22006AA4EA /* CV_Lab2Tests.swift */ = {isa = PBXFileReference; lastKnownFileType = sourcecode.swift; path = CV_Lab2Tests.swift; sourceTree = "<group>"; };
		7583E23D2199CB22006AA4EA /* Info.plist */ = {isa = PBXFileReference; lastKnownFileType = text.plist.xml; path = Info.plist; sourceTree = "<group>"; };
		7583E2422199CB22006AA4EA /* CV-Lab2UITests.xctest */ = {isa = PBXFileReference; explicitFileType = wrapper.cfbundle; includeInIndex = 0; path = "CV-Lab2UITests.xctest"; sourceTree = BUILT_PRODUCTS_DIR; };
		7583E2462199CB22006AA4EA /* CV_Lab2UITests.swift */ = {isa = PBXFileReference; lastKnownFileType = sourcecode.swift; path = CV_Lab2UITests.swift; sourceTree = "<group>"; };
		7583E2482199CB22006AA4EA /* Info.plist */ = {isa = PBXFileReference; lastKnownFileType = text.plist.xml; path = Info.plist; sourceTree = "<group>"; };
		75C43CE421A5B27F0089E41F /* ExperienceTableViewController.swift */ = {isa = PBXFileReference; lastKnownFileType = sourcecode.swift; path = ExperienceTableViewController.swift; sourceTree = "<group>"; };
/* End PBXFileReference section */

/* Begin PBXFrameworksBuildPhase section */
		7583E2202199CB21006AA4EA /* Frameworks */ = {
			isa = PBXFrameworksBuildPhase;
			buildActionMask = 2147483647;
			files = (
			);
			runOnlyForDeploymentPostprocessing = 0;
		};
		7583E2342199CB22006AA4EA /* Frameworks */ = {
			isa = PBXFrameworksBuildPhase;
			buildActionMask = 2147483647;
			files = (
			);
			runOnlyForDeploymentPostprocessing = 0;
		};
		7583E23F2199CB22006AA4EA /* Frameworks */ = {
			isa = PBXFrameworksBuildPhase;
			buildActionMask = 2147483647;
			files = (
			);
			runOnlyForDeploymentPostprocessing = 0;
		};
/* End PBXFrameworksBuildPhase section */

/* Begin PBXGroup section */
		7583E21A2199CB21006AA4EA = {
			isa = PBXGroup;
			children = (
				7583E2252199CB21006AA4EA /* CV-Lab2 */,
				7583E23A2199CB22006AA4EA /* CV-Lab2Tests */,
				7583E2452199CB22006AA4EA /* CV-Lab2UITests */,
				7583E2242199CB21006AA4EA /* Products */,
			);
			sourceTree = "<group>";
		};
		7583E2242199CB21006AA4EA /* Products */ = {
			isa = PBXGroup;
			children = (
				7583E2232199CB21006AA4EA /* CV-Lab2.app */,
				7583E2372199CB22006AA4EA /* CV-Lab2Tests.xctest */,
				7583E2422199CB22006AA4EA /* CV-Lab2UITests.xctest */,
			);
			name = Products;
			sourceTree = "<group>";
		};
		7583E2252199CB21006AA4EA /* CV-Lab2 */ = {
			isa = PBXGroup;
			children = (
				7583E2262199CB21006AA4EA /* AppDelegate.swift */,
				7583E2282199CB21006AA4EA /* ViewController.swift */,
				7583E22A2199CB21006AA4EA /* Main.storyboard */,
				7583E22D2199CB22006AA4EA /* Assets.xcassets */,
				7583E22F2199CB22006AA4EA /* LaunchScreen.storyboard */,
				7583E2322199CB22006AA4EA /* Info.plist */,
				75C43CE421A5B27F0089E41F /* ExperienceTableViewController.swift */,
				75134D1821BD4DD3007E4550 /* ExperienceTableViewCell.swift */,
				75134D1A21BD6ACC007E4550 /* MainViewController.swift */,
				75134D1C21BD868B007E4550 /* ExperienceDetailViewController.swift */,
				75134D2421BDB279007E4550 /* SkillsViewController.swift */,
			);
			path = "CV-Lab2";
			sourceTree = "<group>";
		};
		7583E23A2199CB22006AA4EA /* CV-Lab2Tests */ = {
			isa = PBXGroup;
			children = (
				7583E23B2199CB22006AA4EA /* CV_Lab2Tests.swift */,
				7583E23D2199CB22006AA4EA /* Info.plist */,
			);
			path = "CV-Lab2Tests";
			sourceTree = "<group>";
		};
		7583E2452199CB22006AA4EA /* CV-Lab2UITests */ = {
			isa = PBXGroup;
			children = (
				7583E2462199CB22006AA4EA /* CV_Lab2UITests.swift */,
				7583E2482199CB22006AA4EA /* Info.plist */,
			);
			path = "CV-Lab2UITests";
			sourceTree = "<group>";
		};
/* End PBXGroup section */

/* Begin PBXNativeTarget section */
		7583E2222199CB21006AA4EA /* CV-Lab2 */ = {
			isa = PBXNativeTarget;
			buildConfigurationList = 7583E24B2199CB22006AA4EA /* Build configuration list for PBXNativeTarget "CV-Lab2" */;
			buildPhases = (
				7583E21F2199CB21006AA4EA /* Sources */,
				7583E2202199CB21006AA4EA /* Frameworks */,
				7583E2212199CB21006AA4EA /* Resources */,
			);
			buildRules = (
			);
			dependencies = (
			);
			name = "CV-Lab2";
			productName = "CV-Lab2";
			productReference = 7583E2232199CB21006AA4EA /* CV-Lab2.app */;
			productType = "com.apple.product-type.application";
		};
		7583E2362199CB22006AA4EA /* CV-Lab2Tests */ = {
			isa = PBXNativeTarget;
			buildConfigurationList = 7583E24E2199CB22006AA4EA /* Build configuration list for PBXNativeTarget "CV-Lab2Tests" */;
			buildPhases = (
				7583E2332199CB22006AA4EA /* Sources */,
				7583E2342199CB22006AA4EA /* Frameworks */,
				7583E2352199CB22006AA4EA /* Resources */,
			);
			buildRules = (
			);
			dependencies = (
				7583E2392199CB22006AA4EA /* PBXTargetDependency */,
			);
			name = "CV-Lab2Tests";
			productName = "CV-Lab2Tests";
			productReference = 7583E2372199CB22006AA4EA /* CV-Lab2Tests.xctest */;
			productType = "com.apple.product-type.bundle.unit-test";
		};
		7583E2412199CB22006AA4EA /* CV-Lab2UITests */ = {
			isa = PBXNativeTarget;
			buildConfigurationList = 7583E2512199CB22006AA4EA /* Build configuration list for PBXNativeTarget "CV-Lab2UITests" */;
			buildPhases = (
				7583E23E2199CB22006AA4EA /* Sources */,
				7583E23F2199CB22006AA4EA /* Frameworks */,
				7583E2402199CB22006AA4EA /* Resources */,
			);
			buildRules = (
			);
			dependencies = (
				7583E2442199CB22006AA4EA /* PBXTargetDependency */,
			);
			name = "CV-Lab2UITests";
			productName = "CV-Lab2UITests";
			productReference = 7583E2422199CB22006AA4EA /* CV-Lab2UITests.xctest */;
			productType = "com.apple.product-type.bundle.ui-testing";
		};
/* End PBXNativeTarget section */

/* Begin PBXProject section */
		7583E21B2199CB21006AA4EA /* Project object */ = {
			isa = PBXProject;
			attributes = {
				LastSwiftUpdateCheck = 1010;
				LastUpgradeCheck = 1010;
				ORGANIZATIONNAME = "Jonatan Flyckt";
				TargetAttributes = {
					7583E2222199CB21006AA4EA = {
						CreatedOnToolsVersion = 10.1;
					};
					7583E2362199CB22006AA4EA = {
						CreatedOnToolsVersion = 10.1;
						TestTargetID = 7583E2222199CB21006AA4EA;
					};
					7583E2412199CB22006AA4EA = {
						CreatedOnToolsVersion = 10.1;
						TestTargetID = 7583E2222199CB21006AA4EA;
					};
				};
			};
			buildConfigurationList = 7583E21E2199CB21006AA4EA /* Build configuration list for PBXProject "CV-Lab2" */;
			compatibilityVersion = "Xcode 9.3";
			developmentRegion = en;
			hasScannedForEncodings = 0;
			knownRegions = (
				en,
				Base,
			);
			mainGroup = 7583E21A2199CB21006AA4EA;
			productRefGroup = 7583E2242199CB21006AA4EA /* Products */;
			projectDirPath = "";
			projectRoot = "";
			targets = (
				7583E2222199CB21006AA4EA /* CV-Lab2 */,
				7583E2362199CB22006AA4EA /* CV-Lab2Tests */,
				7583E2412199CB22006AA4EA /* CV-Lab2UITests */,
			);
		};
/* End PBXProject section */

/* Begin PBXResourcesBuildPhase section */
		7583E2212199CB21006AA4EA /* Resources */ = {
			isa = PBXResourcesBuildPhase;
			buildActionMask = 2147483647;
			files = (
				7583E2312199CB22006AA4EA /* LaunchScreen.storyboard in Resources */,
				7583E22E2199CB22006AA4EA /* Assets.xcassets in Resources */,
				7583E22C2199CB21006AA4EA /* Main.storyboard in Resources */,
			);
			runOnlyForDeploymentPostprocessing = 0;
		};
		7583E2352199CB22006AA4EA /* Resources */ = {
			isa = PBXResourcesBuildPhase;
			buildActionMask = 2147483647;
			files = (
			);
			runOnlyForDeploymentPostprocessing = 0;
		};
		7583E2402199CB22006AA4EA /* Resources */ = {
			isa = PBXResourcesBuildPhase;
			buildActionMask = 2147483647;
			files = (
			);
			runOnlyForDeploymentPostprocessing = 0;
		};
/* End PBXResourcesBuildPhase section */

/* Begin PBXSourcesBuildPhase section */
		7583E21F2199CB21006AA4EA /* Sources */ = {
			isa = PBXSourcesBuildPhase;
			buildActionMask = 2147483647;
			files = (
				75134D1921BD4DD3007E4550 /* ExperienceTableViewCell.swift in Sources */,
				75134D1D21BD868B007E4550 /* ExperienceDetailViewController.swift in Sources */,
				7583E2292199CB21006AA4EA /* ViewController.swift in Sources */,
				75134D1B21BD6ACC007E4550 /* MainViewController.swift in Sources */,
				75134D2521BDB279007E4550 /* SkillsViewController.swift in Sources */,
				7583E2272199CB21006AA4EA /* AppDelegate.swift in Sources */,
				75C43CE521A5B27F0089E41F /* ExperienceTableViewController.swift in Sources */,
			);
			runOnlyForDeploymentPostprocessing = 0;
		};
		7583E2332199CB22006AA4EA /* Sources */ = {
			isa = PBXSourcesBuildPhase;
			buildActionMask = 2147483647;
			files = (
				7583E23C2199CB22006AA4EA /* CV_Lab2Tests.swift in Sources */,
			);
			runOnlyForDeploymentPostprocessing = 0;
		};
		7583E23E2199CB22006AA4EA /* Sources */ = {
			isa = PBXSourcesBuildPhase;
			buildActionMask = 2147483647;
			files = (
				7583E2472199CB22006AA4EA /* CV_Lab2UITests.swift in Sources */,
			);
			runOnlyForDeploymentPostprocessing = 0;
		};
/* End PBXSourcesBuildPhase section */

/* Begin PBXTargetDependency section */
		7583E2392199CB22006AA4EA /* PBXTargetDependency */ = {
			isa = PBXTargetDependency;
			target = 7583E2222199CB21006AA4EA /* CV-Lab2 */;
			targetProxy = 7583E2382199CB22006AA4EA /* PBXContainerItemProxy */;
		};
		7583E2442199CB22006AA4EA /* PBXTargetDependency */ = {
			isa = PBXTargetDependency;
			target = 7583E2222199CB21006AA4EA /* CV-Lab2 */;
			targetProxy = 7583E2432199CB22006AA4EA /* PBXContainerItemProxy */;
		};
/* End PBXTargetDependency section */

/* Begin PBXVariantGroup section */
		7583E22A2199CB21006AA4EA /* Main.storyboard */ = {
			isa = PBXVariantGroup;
			children = (
				7583E22B2199CB21006AA4EA /* Base */,
			);
			name = Main.storyboard;
			sourceTree = "<group>";
		};
		7583E22F2199CB22006AA4EA /* LaunchScreen.storyboard */ = {
			isa = PBXVariantGroup;
			children = (
				7583E2302199CB22006AA4EA /* Base */,
			);
			name = LaunchScreen.storyboard;
			sourceTree = "<group>";
		};
/* End PBXVariantGroup section */

/* Begin XCBuildConfiguration section */
		7583E2492199CB22006AA4EA /* Debug */ = {
			isa = XCBuildConfiguration;
			buildSettings = {
				ALWAYS_SEARCH_USER_PATHS = NO;
				CLANG_ANALYZER_NONNULL = YES;
				CLANG_ANALYZER_NUMBER_OBJECT_CONVERSION = YES_AGGRESSIVE;
				CLANG_CXX_LANGUAGE_STANDARD = "gnu++14";
				CLANG_CXX_LIBRARY = "libc++";
				CLANG_ENABLE_MODULES = YES;
				CLANG_ENABLE_OBJC_ARC = YES;
				CLANG_ENABLE_OBJC_WEAK = YES;
				CLANG_WARN_BLOCK_CAPTURE_AUTORELEASING = YES;
				CLANG_WARN_BOOL_CONVERSION = YES;
				CLANG_WARN_COMMA = YES;
				CLANG_WARN_CONSTANT_CONVERSION = YES;
				CLANG_WARN_DEPRECATED_OBJC_IMPLEMENTATIONS = YES;
				CLANG_WARN_DIRECT_OBJC_ISA_USAGE = YES_ERROR;
				CLANG_WARN_DOCUMENTATION_COMMENTS = YES;
				CLANG_WARN_EMPTY_BODY = YES;
				CLANG_WARN_ENUM_CONVERSION = YES;
				CLANG_WARN_INFINITE_RECURSION = YES;
				CLANG_WARN_INT_CONVERSION = YES;
				CLANG_WARN_NON_LITERAL_NULL_CONVERSION = YES;
				CLANG_WARN_OBJC_IMPLICIT_RETAIN_SELF = YES;
				CLANG_WARN_OBJC_LITERAL_CONVERSION = YES;
				CLANG_WARN_OBJC_ROOT_CLASS = YES_ERROR;
				CLANG_WARN_RANGE_LOOP_ANALYSIS = YES;
				CLANG_WARN_STRICT_PROTOTYPES = YES;
				CLANG_WARN_SUSPICIOUS_MOVE = YES;
				CLANG_WARN_UNGUARDED_AVAILABILITY = YES_AGGRESSIVE;
				CLANG_WARN_UNREACHABLE_CODE = YES;
				CLANG_WARN__DUPLICATE_METHOD_MATCH = YES;
				CODE_SIGN_IDENTITY = "iPhone Developer";
				COPY_PHASE_STRIP = NO;
				DEBUG_INFORMATION_FORMAT = dwarf;
				ENABLE_STRICT_OBJC_MSGSEND = YES;
				ENABLE_TESTABILITY = YES;
				GCC_C_LANGUAGE_STANDARD = gnu11;
				GCC_DYNAMIC_NO_PIC = NO;
				GCC_NO_COMMON_BLOCKS = YES;
				GCC_OPTIMIZATION_LEVEL = 0;
				GCC_PREPROCESSOR_DEFINITIONS = (
					"DEBUG=1",
					"$(inherited)",
				);
				GCC_WARN_64_TO_32_BIT_CONVERSION = YES;
				GCC_WARN_ABOUT_RETURN_TYPE = YES_ERROR;
				GCC_WARN_UNDECLARED_SELECTOR = YES;
				GCC_WARN_UNINITIALIZED_AUTOS = YES_AGGRESSIVE;
				GCC_WARN_UNUSED_FUNCTION = YES;
				GCC_WARN_UNUSED_VARIABLE = YES;
				IPHONEOS_DEPLOYMENT_TARGET = 12.1;
				MTL_ENABLE_DEBUG_INFO = INCLUDE_SOURCE;
				MTL_FAST_MATH = YES;
				ONLY_ACTIVE_ARCH = YES;
				SDKROOT = iphoneos;
				SWIFT_ACTIVE_COMPILATION_CONDITIONS = DEBUG;
				SWIFT_OPTIMIZATION_LEVEL = "-Onone";
			};
			name = Debug;
		};
		7583E24A2199CB22006AA4EA /* Release */ = {
			isa = XCBuildConfiguration;
			buildSettings = {
				ALWAYS_SEARCH_USER_PATHS = NO;
				CLANG_ANALYZER_NONNULL = YES;
				CLANG_ANALYZER_NUMBER_OBJECT_CONVERSION = YES_AGGRESSIVE;
				CLANG_CXX_LANGUAGE_STANDARD = "gnu++14";
				CLANG_CXX_LIBRARY = "libc++";
				CLANG_ENABLE_MODULES = YES;
				CLANG_ENABLE_OBJC_ARC = YES;
				CLANG_ENABLE_OBJC_WEAK = YES;
				CLANG_WARN_BLOCK_CAPTURE_AUTORELEASING = YES;
				CLANG_WARN_BOOL_CONVERSION = YES;
				CLANG_WARN_COMMA = YES;
				CLANG_WARN_CONSTANT_CONVERSION = YES;
				CLANG_WARN_DEPRECATED_OBJC_IMPLEMENTATIONS = YES;
				CLANG_WARN_DIRECT_OBJC_ISA_USAGE = YES_ERROR;
				CLANG_WARN_DOCUMENTATION_COMMENTS = YES;
				CLANG_WARN_EMPTY_BODY = YES;
				CLANG_WARN_ENUM_CONVERSION = YES;
				CLANG_WARN_INFINITE_RECURSION = YES;
				CLANG_WARN_INT_CONVERSION = YES;
				CLANG_WARN_NON_LITERAL_NULL_CONVERSION = YES;
				CLANG_WARN_OBJC_IMPLICIT_RETAIN_SELF = YES;
				CLANG_WARN_OBJC_LITERAL_CONVERSION = YES;
				CLANG_WARN_OBJC_ROOT_CLASS = YES_ERROR;
				CLANG_WARN_RANGE_LOOP_ANALYSIS = YES;
				CLANG_WARN_STRICT_PROTOTYPES = YES;
				CLANG_WARN_SUSPICIOUS_MOVE = YES;
				CLANG_WARN_UNGUARDED_AVAILABILITY = YES_AGGRESSIVE;
				CLANG_WARN_UNREACHABLE_CODE = YES;
				CLANG_WARN__DUPLICATE_METHOD_MATCH = YES;
				CODE_SIGN_IDENTITY = "iPhone Developer";
				COPY_PHASE_STRIP = NO;
				DEBUG_INFORMATION_FORMAT = "dwarf-with-dsym";
				ENABLE_NS_ASSERTIONS = NO;
				ENABLE_STRICT_OBJC_MSGSEND = YES;
				GCC_C_LANGUAGE_STANDARD = gnu11;
				GCC_NO_COMMON_BLOCKS = YES;
				GCC_WARN_64_TO_32_BIT_CONVERSION = YES;
				GCC_WARN_ABOUT_RETURN_TYPE = YES_ERROR;
				GCC_WARN_UNDECLARED_SELECTOR = YES;
				GCC_WARN_UNINITIALIZED_AUTOS = YES_AGGRESSIVE;
				GCC_WARN_UNUSED_FUNCTION = YES;
				GCC_WARN_UNUSED_VARIABLE = YES;
				IPHONEOS_DEPLOYMENT_TARGET = 12.1;
				MTL_ENABLE_DEBUG_INFO = NO;
				MTL_FAST_MATH = YES;
				SDKROOT = iphoneos;
				SWIFT_COMPILATION_MODE = wholemodule;
				SWIFT_OPTIMIZATION_LEVEL = "-O";
				VALIDATE_PRODUCT = YES;
			};
			name = Release;
		};
		7583E24C2199CB22006AA4EA /* Debug */ = {
			isa = XCBuildConfiguration;
			buildSettings = {
				ASSETCATALOG_COMPILER_APPICON_NAME = AppIcon;
				CODE_SIGN_STYLE = Automatic;
				INFOPLIST_FILE = "CV-Lab2/Info.plist";
				LD_RUNPATH_SEARCH_PATHS = (
					"$(inherited)",
					"@executable_path/Frameworks",
				);
				PRODUCT_BUNDLE_IDENTIFIER = "jonatan.CV-Lab2";
				PRODUCT_NAME = "$(TARGET_NAME)";
				SWIFT_VERSION = 4.2;
				TARGETED_DEVICE_FAMILY = "1,2";
			};
			name = Debug;
		};
		7583E24D2199CB22006AA4EA /* Release */ = {
			isa = XCBuildConfiguration;
			buildSettings = {
				ASSETCATALOG_COMPILER_APPICON_NAME = AppIcon;
				CODE_SIGN_STYLE = Automatic;
				INFOPLIST_FILE = "CV-Lab2/Info.plist";
				LD_RUNPATH_SEARCH_PATHS = (
					"$(inherited)",
					"@executable_path/Frameworks",
				);
				PRODUCT_BUNDLE_IDENTIFIER = "jonatan.CV-Lab2";
				PRODUCT_NAME = "$(TARGET_NAME)";
				SWIFT_VERSION = 4.2;
				TARGETED_DEVICE_FAMILY = "1,2";
			};
			name = Release;
		};
		7583E24F2199CB22006AA4EA /* Debug */ = {
			isa = XCBuildConfiguration;
			buildSettings = {
				ALWAYS_EMBED_SWIFT_STANDARD_LIBRARIES = YES;
				BUNDLE_LOADER = "$(TEST_HOST)";
				CODE_SIGN_STYLE = Automatic;
				INFOPLIST_FILE = "CV-Lab2Tests/Info.plist";
				LD_RUNPATH_SEARCH_PATHS = (
					"$(inherited)",
					"@executable_path/Frameworks",
					"@loader_path/Frameworks",
				);
				PRODUCT_BUNDLE_IDENTIFIER = "jonatan.CV-Lab2Tests";
				PRODUCT_NAME = "$(TARGET_NAME)";
				SWIFT_VERSION = 4.2;
				TARGETED_DEVICE_FAMILY = "1,2";
				TEST_HOST = "$(BUILT_PRODUCTS_DIR)/CV-Lab2.app/CV-Lab2";
			};
			name = Debug;
		};
		7583E2502199CB22006AA4EA /* Release */ = {
			isa = XCBuildConfiguration;
			buildSettings = {
				ALWAYS_EMBED_SWIFT_STANDARD_LIBRARIES = YES;
				BUNDLE_LOADER = "$(TEST_HOST)";
				CODE_SIGN_STYLE = Automatic;
				INFOPLIST_FILE = "CV-Lab2Tests/Info.plist";
				LD_RUNPATH_SEARCH_PATHS = (
					"$(inherited)",
					"@executable_path/Frameworks",
					"@loader_path/Frameworks",
				);
				PRODUCT_BUNDLE_IDENTIFIER = "jonatan.CV-Lab2Tests";
				PRODUCT_NAME = "$(TARGET_NAME)";
				SWIFT_VERSION = 4.2;
				TARGETED_DEVICE_FAMILY = "1,2";
				TEST_HOST = "$(BUILT_PRODUCTS_DIR)/CV-Lab2.app/CV-Lab2";
			};
			name = Release;
		};
		7583E2522199CB22006AA4EA /* Debug */ = {
			isa = XCBuildConfiguration;
			buildSettings = {
				ALWAYS_EMBED_SWIFT_STANDARD_LIBRARIES = YES;
				CODE_SIGN_STYLE = Automatic;
				INFOPLIST_FILE = "CV-Lab2UITests/Info.plist";
				LD_RUNPATH_SEARCH_PATHS = (
					"$(inherited)",
					"@executable_path/Frameworks",
					"@loader_path/Frameworks",
				);
				PRODUCT_BUNDLE_IDENTIFIER = "jonatan.CV-Lab2UITests";
				PRODUCT_NAME = "$(TARGET_NAME)";
				SWIFT_VERSION = 4.2;
				TARGETED_DEVICE_FAMILY = "1,2";
				TEST_TARGET_NAME = "CV-Lab2";
			};
			name = Debug;
		};
		7583E2532199CB22006AA4EA /* Release */ = {
			isa = XCBuildConfiguration;
			buildSettings = {
				ALWAYS_EMBED_SWIFT_STANDARD_LIBRARIES = YES;
				CODE_SIGN_STYLE = Automatic;
				INFOPLIST_FILE = "CV-Lab2UITests/Info.plist";
				LD_RUNPATH_SEARCH_PATHS = (
					"$(inherited)",
					"@executable_path/Frameworks",
					"@loader_path/Frameworks",
				);
				PRODUCT_BUNDLE_IDENTIFIER = "jonatan.CV-Lab2UITests";
				PRODUCT_NAME = "$(TARGET_NAME)";
				SWIFT_VERSION = 4.2;
				TARGETED_DEVICE_FAMILY = "1,2";
				TEST_TARGET_NAME = "CV-Lab2";
			};
			name = Release;
		};
/* End XCBuildConfiguration section */

/* Begin XCConfigurationList section */
		7583E21E2199CB21006AA4EA /* Build configuration list for PBXProject "CV-Lab2" */ = {
			isa = XCConfigurationList;
			buildConfigurations = (
				7583E2492199CB22006AA4EA /* Debug */,
				7583E24A2199CB22006AA4EA /* Release */,
			);
			defaultConfigurationIsVisible = 0;
			defaultConfigurationName = Release;
		};
		7583E24B2199CB22006AA4EA /* Build configuration list for PBXNativeTarget "CV-Lab2" */ = {
			isa = XCConfigurationList;
			buildConfigurations = (
				7583E24C2199CB22006AA4EA /* Debug */,
				7583E24D2199CB22006AA4EA /* Release */,
			);
			defaultConfigurationIsVisible = 0;
			defaultConfigurationName = Release;
		};
		7583E24E2199CB22006AA4EA /* Build configuration list for PBXNativeTarget "CV-Lab2Tests" */ = {
			isa = XCConfigurationList;
			buildConfigurations = (
				7583E24F2199CB22006AA4EA /* Debug */,
				7583E2502199CB22006AA4EA /* Release */,
			);
			defaultConfigurationIsVisible = 0;
			defaultConfigurationName = Release;
		};
		7583E2512199CB22006AA4EA /* Build configuration list for PBXNativeTarget "CV-Lab2UITests" */ = {
			isa = XCConfigurationList;
			buildConfigurations = (
				7583E2522199CB22006AA4EA /* Debug */,
				7583E2532199CB22006AA4EA /* Release */,
			);
			defaultConfigurationIsVisible = 0;
			defaultConfigurationName = Release;
		};
/* End XCConfigurationList section */
	};
	rootObject = 7583E21B2199CB21006AA4EA /* Project object */;
}
